{
  "name": "fl123-asm-probe",
  "version": "0.0.1",
  "lockfileVersion": 3,
  "requires": true,
  "packages": {
    "": {
      "name": "fl123-asm-probe",
      "version": "0.0.1",
      "dependencies": {
        "adm-zip": "0.5.16"
      },
      "engines": {
        "vscode": "^1.95.0"
      }
    },
    "node_modules/adm-zip": {
      "version": "0.5.16",
      "resolved": "https://rb-artifactory.bosch.com:443/artifactory/api/npm/npmjs-remote/adm-zip/-/adm-zip-0.5.16.tgz",
      "integrity": "sha512-TGw5yVi4saajsSEgz25grObGHEUaDrniwvA2qwSC060KfqGPdglhvPMA2lPIoxs3PQIItj2iag35fONcQqgUaQ==",
      "license": "MIT",
      "engines": {
        "node": ">=12.0"
      }
    }
  }
}
